
Microsoft Visual Studio Solution File, Format Version 12.00
# Visual Studio Version 17
VisualStudioVersion = 17.10.35013.160
MinimumVisualStudioVersion = 10.0.40219.1
Project("{FAE04EC0-301F-11D3-BF4B-00C04F79EFBC}") = "ManagementLibrary", "ManagementLibrary.csproj", "{6711BFFD-3C1F-4097-B432-C518735F17A3}"
EndProject
Global
	GlobalSection(SolutionConfigurationPlatforms) = preSolution
		Debug|Any CPU = Debug|Any CPU
		Release|Any CPU = Release|Any CPU
	EndGlobalSection
	GlobalSection(ProjectConfigurationPlatforms) = postSolution
		{6711BFFD-3C1F-4097-B432-C518735F17A3}.Debug|Any CPU.ActiveCfg = Debug|Any CPU
		{6711BFFD-3C1F-4097-B432-C518735F17A3}.Debug|Any CPU.Build.0 = Debug|Any CPU
		{6711BFFD-3C1F-4097-B432-C518735F17A3}.Release|Any CPU.ActiveCfg = Release|Any CPU
		{6711BFFD-3C1F-4097-B432-C518735F17A3}.Release|Any CPU.Build.0 = Release|Any CPU
	EndGlobalSection
	GlobalSection(SolutionProperties) = preSolution
		HideSolutionNode = FALSE
	EndGlobalSection
	GlobalSection(ExtensibilityGlobals) = postSolution
		SolutionGuid = {C32BE8E2-3CDF-433D-B7EE-CBC69E2FFEB3}
	EndGlobalSection
EndGlobal
